
Microsoft Visual Studio Solution File, Format Version 12.00
# Visual Studio Version 17
VisualStudioVersion = 17.13.35931.197
MinimumVisualStudioVersion = 10.0.40219.1
Project("{D2D61915-1406-4932-B96A-D20478334609}") = "SportsOddsAnalyzer", "SportsOddsAnalyzer.csproj", "{709851D0-D9E6-4CBB-BC07-30B0275E0E06}"
EndProject
Global
	GlobalSection(SolutionConfigurationPlatforms) = preSolution
		Debug|Any CPU = Debug|Any CPU
		Release|Any CPU = Release|Any CPU
	EndGlobalSection
	GlobalSection(ProjectConfigurationPlatforms) = postSolution
		{709851D0-D9E6-4CBB-BC07-30B0275E0E06}.Debug|Any CPU.ActiveCfg = Debug|Any CPU
		{709851D0-D9E6-4CBB-BC07-30B0275E0E06}.Debug|Any CPU.Build.0 = Debug|Any CPU
		{709851D0-D9E6-4CBB-BC07-30B0275E0E06}.Release|Any CPU.ActiveCfg = Release|Any CPU
		{709851D0-D9E6-4CBB-BC07-30B0275E0E06}.Release|Any CPU.Build.0 = Release|Any CPU
	EndGlobalSection
	GlobalSection(SolutionProperties) = preSolution
		HideSolutionNode = FALSE
	EndGlobalSection
	GlobalSection(ExtensibilityGlobals) = postSolution
		SolutionGuid = {B1B85074-9B49-4355-9143-711515BEAE79}
	EndGlobalSection
EndGlobal
